
Microsoft Visual Studio Solution File, Format Version 12.00
# Visual Studio Version 17
VisualStudioVersion = 17.9.34728.123
MinimumVisualStudioVersion = 10.0.40219.1
Project("{FAE04EC0-301F-11D3-BF4B-00C04F79EFBC}") = "Jenkins", "Jenkins\Jenkins.csproj", "{7105BDC0-7BDE-4915-851A-32203F789E04}"
EndProject
Global
	GlobalSection(SolutionConfigurationPlatforms) = preSolution
		Debug|Any CPU = Debug|Any CPU
		Release|Any CPU = Release|Any CPU
	EndGlobalSection
	GlobalSection(ProjectConfigurationPlatforms) = postSolution
		{7105BDC0-7BDE-4915-851A-32203F789E04}.Debug|Any CPU.ActiveCfg = Debug|Any CPU
		{7105BDC0-7BDE-4915-851A-32203F789E04}.Debug|Any CPU.Build.0 = Debug|Any CPU
		{7105BDC0-7BDE-4915-851A-32203F789E04}.Release|Any CPU.ActiveCfg = Release|Any CPU
		{7105BDC0-7BDE-4915-851A-32203F789E04}.Release|Any CPU.Build.0 = Release|Any CPU
	EndGlobalSection
	GlobalSection(SolutionProperties) = preSolution
		HideSolutionNode = FALSE
	EndGlobalSection
	GlobalSection(ExtensibilityGlobals) = postSolution
		SolutionGuid = {220BE983-6ADA-4B35-AD61-87740ED1611C}
	EndGlobalSection
EndGlobal
